
Microsoft Visual Studio Solution File, Format Version 12.00
# Visual Studio 15
VisualStudioVersion = 15.0.28307.779
MinimumVisualStudioVersion = 10.0.40219.1
Project("{8BC9CEB8-8B4A-11D0-8D11-00A0C91BC942}") = "DirectX9_OpenDirect", "DirectX9_OpenDirect\DirectX9_OpenDirect.vcxproj", "{B1984E7E-81B2-4BC8-921E-73EA41163675}"
EndProject
Project("{8BC9CEB8-8B4A-11D0-8D11-00A0C91BC942}") = "Server", "Server\Server.vcxproj", "{B7DF371B-B1EF-4759-8D8E-7736E9FAF0AF}"
EndProject
Project("{8BC9CEB8-8B4A-11D0-8D11-00A0C91BC942}") = "Client", "Client\Client.vcxproj", "{B323DD73-379B-47AB-AE4B-26BF532F59CD}"
EndProject
Global
	GlobalSection(SolutionConfigurationPlatforms) = preSolution
		Debug|x64 = Debug|x64
		Debug|x86 = Debug|x86
		Release|x64 = Release|x64
		Release|x86 = Release|x86
	EndGlobalSection
	GlobalSection(ProjectConfigurationPlatforms) = postSolution
		{B1984E7E-81B2-4BC8-921E-73EA41163675}.Debug|x64.ActiveCfg = Debug|x64
		{B1984E7E-81B2-4BC8-921E-73EA41163675}.Debug|x64.Build.0 = Debug|x64
		{B1984E7E-81B2-4BC8-921E-73EA41163675}.Debug|x86.ActiveCfg = Debug|Win32
		{B1984E7E-81B2-4BC8-921E-73EA41163675}.Debug|x86.Build.0 = Debug|Win32
		{B1984E7E-81B2-4BC8-921E-73EA41163675}.Release|x64.ActiveCfg = Release|x64
		{B1984E7E-81B2-4BC8-921E-73EA41163675}.Release|x64.Build.0 = Release|x64
		{B1984E7E-81B2-4BC8-921E-73EA41163675}.Release|x86.ActiveCfg = Release|Win32
		{B1984E7E-81B2-4BC8-921E-73EA41163675}.Release|x86.Build.0 = Release|Win32
		{B7DF371B-B1EF-4759-8D8E-7736E9FAF0AF}.Debug|x64.ActiveCfg = Debug|x64
		{B7DF371B-B1EF-4759-8D8E-7736E9FAF0AF}.Debug|x64.Build.0 = Debug|x64
		{B7DF371B-B1EF-4759-8D8E-7736E9FAF0AF}.Debug|x86.ActiveCfg = Debug|Win32
		{B7DF371B-B1EF-4759-8D8E-7736E9FAF0AF}.Debug|x86.Build.0 = Debug|Win32
		{B7DF371B-B1EF-4759-8D8E-7736E9FAF0AF}.Release|x64.ActiveCfg = Release|x64
		{B7DF371B-B1EF-4759-8D8E-7736E9FAF0AF}.Release|x64.Build.0 = Release|x64
		{B7DF371B-B1EF-4759-8D8E-7736E9FAF0AF}.Release|x86.ActiveCfg = Release|Win32
		{B7DF371B-B1EF-4759-8D8E-7736E9FAF0AF}.Release|x86.Build.0 = Release|Win32
		{B323DD73-379B-47AB-AE4B-26BF532F59CD}.Debug|x64.ActiveCfg = Debug|x64
		{B323DD73-379B-47AB-AE4B-26BF532F59CD}.Debug|x64.Build.0 = Debug|x64
		{B323DD73-379B-47AB-AE4B-26BF532F59CD}.Debug|x86.ActiveCfg = Debug|Win32
		{B323DD73-379B-47AB-AE4B-26BF532F59CD}.Debug|x86.Build.0 = Debug|Win32
		{B323DD73-379B-47AB-AE4B-26BF532F59CD}.Release|x64.ActiveCfg = Release|x64
		{B323DD73-379B-47AB-AE4B-26BF532F59CD}.Release|x64.Build.0 = Release|x64
		{B323DD73-379B-47AB-AE4B-26BF532F59CD}.Release|x86.ActiveCfg = Release|Win32
		{B323DD73-379B-47AB-AE4B-26BF532F59CD}.Release|x86.Build.0 = Release|Win32
	EndGlobalSection
	GlobalSection(SolutionProperties) = preSolution
		HideSolutionNode = FALSE
	EndGlobalSection
	GlobalSection(ExtensibilityGlobals) = postSolution
		SolutionGuid = {1D7191BF-48BC-4A72-ABDC-D2A29EF1A6C3}
	EndGlobalSection
EndGlobal
